
Microsoft Visual Studio Solution File, Format Version 12.00
# Visual Studio Version 17
VisualStudioVersion = 17.0.32126.317
MinimumVisualStudioVersion = 10.0.40219.1
Project("{FAE04EC0-301F-11D3-BF4B-00C04F79EFBC}") = "Años Bisiestos", "Años Bisiestos\Años Bisiestos.csproj", "{3C5BC1EB-2D5D-4286-8B79-E1785EEA76D4}"
EndProject
Global
	GlobalSection(SolutionConfigurationPlatforms) = preSolution
		Debug|Any CPU = Debug|Any CPU
		Release|Any CPU = Release|Any CPU
	EndGlobalSection
	GlobalSection(ProjectConfigurationPlatforms) = postSolution
		{3C5BC1EB-2D5D-4286-8B79-E1785EEA76D4}.Debug|Any CPU.ActiveCfg = Debug|Any CPU
		{3C5BC1EB-2D5D-4286-8B79-E1785EEA76D4}.Debug|Any CPU.Build.0 = Debug|Any CPU
		{3C5BC1EB-2D5D-4286-8B79-E1785EEA76D4}.Release|Any CPU.ActiveCfg = Release|Any CPU
		{3C5BC1EB-2D5D-4286-8B79-E1785EEA76D4}.Release|Any CPU.Build.0 = Release|Any CPU
	EndGlobalSection
	GlobalSection(SolutionProperties) = preSolution
		HideSolutionNode = FALSE
	EndGlobalSection
	GlobalSection(ExtensibilityGlobals) = postSolution
		SolutionGuid = {0A2B09BE-7BE9-4A7E-ADF6-99DA4D925277}
	EndGlobalSection
EndGlobal
